// !$*UTF8*$!
{
	archiveVersion = 1;
	classes = {
	};
	objectVersion = 56;
	objects = {

/* Begin PBXBuildFile section */
		8497AC322A527AFC005491C5 /* HSV_Wheel_Color_PickerApp.swift in Sources */ = {isa = PBXBuildFile; fileRef = 8497AC312A527AFC005491C5 /* HSV_Wheel_Color_PickerApp.swift */; };
		8497AC342A527AFC005491C5 /* ContentView.swift in Sources */ = {isa = PBXBuildFile; fileRef = 8497AC332A527AFC005491C5 /* ContentView.swift */; };
		8497AC362A527AFD005491C5 /* Assets.xcassets in Resources */ = {isa = PBXBuildFile; fileRef = 8497AC352A527AFD005491C5 /* Assets.xcassets */; };
		8497AC392A527AFD005491C5 /* Preview Assets.xcassets in Resources */ = {isa = PBXBuildFile; fileRef = 8497AC382A527AFD005491C5 /* Preview Assets.xcassets */; };
		8497AC402A527DCC005491C5 /* CGFloat+Extention.swift in Sources */ = {isa = PBXBuildFile; fileRef = 8497AC3F2A527DCC005491C5 /* CGFloat+Extention.swift */; };
		8497AC422A527DF5005491C5 /* Utils.swift in Sources */ = {isa = PBXBuildFile; fileRef = 8497AC412A527DF5005491C5 /* Utils.swift */; };
		8497AC462A528588005491C5 /* RBGModel.swift in Sources */ = {isa = PBXBuildFile; fileRef = 8497AC452A528588005491C5 /* RBGModel.swift */; };
/* End PBXBuildFile section */

/* Begin PBXFileReference section */
		8497AC2E2A527AFC005491C5 /* HSV Wheel Color Picker.app */ = {isa = PBXFileReference; explicitFileType = wrapper.application; includeInIndex = 0; path = "HSV Wheel Color Picker.app"; sourceTree = BUILT_PRODUCTS_DIR; };
		8497AC312A527AFC005491C5 /* HSV_Wheel_Color_PickerApp.swift */ = {isa = PBXFileReference; lastKnownFileType = sourcecode.swift; path = HSV_Wheel_Color_PickerApp.swift; sourceTree = "<group>"; };
		8497AC332A527AFC005491C5 /* ContentView.swift */ = {isa = PBXFileReference; lastKnownFileType = sourcecode.swift; path = ContentView.swift; sourceTree = "<group>"; };
		8497AC352A527AFD005491C5 /* Assets.xcassets */ = {isa = PBXFileReference; lastKnownFileType = folder.assetcatalog; path = Assets.xcassets; sourceTree = "<group>"; };
		8497AC382A527AFD005491C5 /* Preview Assets.xcassets */ = {isa = PBXFileReference; lastKnownFileType = folder.assetcatalog; path = "Preview Assets.xcassets"; sourceTree = "<group>"; };
		8497AC3F2A527DCC005491C5 /* CGFloat+Extention.swift */ = {isa = PBXFileReference; lastKnownFileType = sourcecode.swift; path = "CGFloat+Extention.swift"; sourceTree = "<group>"; };
		8497AC412A527DF5005491C5 /* Utils.swift */ = {isa = PBXFileReference; lastKnownFileType = sourcecode.swift; path = Utils.swift; sourceTree = "<group>"; };
		8497AC452A528588005491C5 /* RBGModel.swift */ = {isa = PBXFileReference; lastKnownFileType = sourcecode.swift; path = RBGModel.swift; sourceTree = "<group>"; };
/* End PBXFileReference section */

/* Begin PBXFrameworksBuildPhase section */
		8497AC2B2A527AFC005491C5 /* Frameworks */ = {
			isa = PBXFrameworksBuildPhase;
			buildActionMask = 2147483647;
			files = (
			);
			runOnlyForDeploymentPostprocessing = 0;
		};
/* End PBXFrameworksBuildPhase section */

/* Begin PBXGroup section */
		8497AC252A527AFB005491C5 = {
			isa = PBXGroup;
			children = (
				8497AC302A527AFC005491C5 /* HSV Wheel Color Picker */,
				8497AC2F2A527AFC005491C5 /* Products */,
			);
			sourceTree = "<group>";
		};
		8497AC2F2A527AFC005491C5 /* Products */ = {
			isa = PBXGroup;
			children = (
				8497AC2E2A527AFC005491C5 /* HSV Wheel Color Picker.app */,
			);
			name = Products;
			sourceTree = "<group>";
		};
		8497AC302A527AFC005491C5 /* HSV Wheel Color Picker */ = {
			isa = PBXGroup;
			children = (
				8497AC442A52852A005491C5 /* Utils+Extention */,
				8497AC432A52851D005491C5 /* Models */,
				8497AC312A527AFC005491C5 /* HSV_Wheel_Color_PickerApp.swift */,
				8497AC332A527AFC005491C5 /* ContentView.swift */,
				8497AC352A527AFD005491C5 /* Assets.xcassets */,
				8497AC372A527AFD005491C5 /* Preview Content */,
			);
			path = "HSV Wheel Color Picker";
			sourceTree = "<group>";
		};
		8497AC372A527AFD005491C5 /* Preview Content */ = {
			isa = PBXGroup;
			children = (
				8497AC382A527AFD005491C5 /* Preview Assets.xcassets */,
			);
			path = "Preview Content";
			sourceTree = "<group>";
		};
		8497AC432A52851D005491C5 /* Models */ = {
			isa = PBXGroup;
			children = (
				8497AC452A528588005491C5 /* RBGModel.swift */,
			);
			path = Models;
			sourceTree = "<group>";
		};
		8497AC442A52852A005491C5 /* Utils+Extention */ = {
			isa = PBXGroup;
			children = (
				8497AC412A527DF5005491C5 /* Utils.swift */,
				8497AC3F2A527DCC005491C5 /* CGFloat+Extention.swift */,
			);
			path = "Utils+Extention";
			sourceTree = "<group>";
		};
/* End PBXGroup section */

/* Begin PBXNativeTarget section */
		8497AC2D2A527AFC005491C5 /* HSV Wheel Color Picker */ = {
			isa = PBXNativeTarget;
			buildConfigurationList = 8497AC3C2A527AFD005491C5 /* Build configuration list for PBXNativeTarget "HSV Wheel Color Picker" */;
			buildPhases = (
				8497AC2A2A527AFC005491C5 /* Sources */,
				8497AC2B2A527AFC005491C5 /* Frameworks */,
				8497AC2C2A527AFC005491C5 /* Resources */,
			);
			buildRules = (
			);
			dependencies = (
			);
			name = "HSV Wheel Color Picker";
			productName = "HSV Wheel Color Picker";
			productReference = 8497AC2E2A527AFC005491C5 /* HSV Wheel Color Picker.app */;
			productType = "com.apple.product-type.application";
		};
/* End PBXNativeTarget section */

/* Begin PBXProject section */
		8497AC262A527AFB005491C5 /* Project object */ = {
			isa = PBXProject;
			attributes = {
				BuildIndependentTargetsInParallel = 1;
				LastSwiftUpdateCheck = 1430;
				LastUpgradeCheck = 1430;
				TargetAttributes = {
					8497AC2D2A527AFC005491C5 = {
						CreatedOnToolsVersion = 14.3.1;
					};
				};
			};
			buildConfigurationList = 8497AC292A527AFB005491C5 /* Build configuration list for PBXProject "HSV Wheel Color Picker" */;
			compatibilityVersion = "Xcode 14.0";
			developmentRegion = en;
			hasScannedForEncodings = 0;
			knownRegions = (
				en,
				Base,
			);
			mainGroup = 8497AC252A527AFB005491C5;
			productRefGroup = 8497AC2F2A527AFC005491C5 /* Products */;
			projectDirPath = "";
			projectRoot = "";
			targets = (
				8497AC2D2A527AFC005491C5 /* HSV Wheel Color Picker */,
			);
		};
/* End PBXProject section */

/* Begin PBXResourcesBuildPhase section */
		8497AC2C2A527AFC005491C5 /* Resources */ = {
			isa = PBXResourcesBuildPhase;
			buildActionMask = 2147483647;
			files = (
				8497AC392A527AFD005491C5 /* Preview Assets.xcassets in Resources */,
				8497AC362A527AFD005491C5 /* Assets.xcassets in Resources */,
			);
			runOnlyForDeploymentPostprocessing = 0;
		};
/* End PBXResourcesBuildPhase section */

/* Begin PBXSourcesBuildPhase section */
		8497AC2A2A527AFC005491C5 /* Sources */ = {
			isa = PBXSourcesBuildPhase;
			buildActionMask = 2147483647;
			files = (
				8497AC402A527DCC005491C5 /* CGFloat+Extention.swift in Sources */,
				8497AC342A527AFC005491C5 /* ContentView.swift in Sources */,
				8497AC322A527AFC005491C5 /* HSV_Wheel_Color_PickerApp.swift in Sources */,
				8497AC462A528588005491C5 /* RBGModel.swift in Sources */,
				8497AC422A527DF5005491C5 /* Utils.swift in Sources */,
			);
			runOnlyForDeploymentPostprocessing = 0;
		};
/* End PBXSourcesBuildPhase section */

/* Begin XCBuildConfiguration section */
		8497AC3A2A527AFD005491C5 /* Debug */ = {
			isa = XCBuildConfiguration;
			buildSettings = {
				ALWAYS_SEARCH_USER_PATHS = NO;
				CLANG_ANALYZER_NONNULL = YES;
				CLANG_ANALYZER_NUMBER_OBJECT_CONVERSION = YES_AGGRESSIVE;
				CLANG_CXX_LANGUAGE_STANDARD = "gnu++20";
				CLANG_ENABLE_MODULES = YES;
				CLANG_ENABLE_OBJC_ARC = YES;
				CLANG_ENABLE_OBJC_WEAK = YES;
				CLANG_WARN_BLOCK_CAPTURE_AUTORELEASING = YES;
				CLANG_WARN_BOOL_CONVERSION = YES;
				CLANG_WARN_COMMA = YES;
				CLANG_WARN_CONSTANT_CONVERSION = YES;
				CLANG_WARN_DEPRECATED_OBJC_IMPLEMENTATIONS = YES;
				CLANG_WARN_DIRECT_OBJC_ISA_USAGE = YES_ERROR;
				CLANG_WARN_DOCUMENTATION_COMMENTS = YES;
				CLANG_WARN_EMPTY_BODY = YES;
				CLANG_WARN_ENUM_CONVERSION = YES;
				CLANG_WARN_INFINITE_RECURSION = YES;
				CLANG_WARN_INT_CONVERSION = YES;
				CLANG_WARN_NON_LITERAL_NULL_CONVERSION = YES;
				CLANG_WARN_OBJC_IMPLICIT_RETAIN_SELF = YES;
				CLANG_WARN_OBJC_LITERAL_CONVERSION = YES;
				CLANG_WARN_OBJC_ROOT_CLASS = YES_ERROR;
				CLANG_WARN_QUOTED_INCLUDE_IN_FRAMEWORK_HEADER = YES;
				CLANG_WARN_RANGE_LOOP_ANALYSIS = YES;
				CLANG_WARN_STRICT_PROTOTYPES = YES;
				CLANG_WARN_SUSPICIOUS_MOVE = YES;
				CLANG_WARN_UNGUARDED_AVAILABILITY = YES_AGGRESSIVE;
				CLANG_WARN_UNREACHABLE_CODE = YES;
				CLANG_WARN__DUPLICATE_METHOD_MATCH = YES;
				COPY_PHASE_STRIP = NO;
				DEBUG_INFORMATION_FORMAT = dwarf;
				ENABLE_STRICT_OBJC_MSGSEND = YES;
				ENABLE_TESTABILITY = YES;
				GCC_C_LANGUAGE_STANDARD = gnu11;
				GCC_DYNAMIC_NO_PIC = NO;
				GCC_NO_COMMON_BLOCKS = YES;
				GCC_OPTIMIZATION_LEVEL = 0;
				GCC_PREPROCESSOR_DEFINITIONS = (
					"DEBUG=1",
					"$(inherited)",
				);
				GCC_WARN_64_TO_32_BIT_CONVERSION = YES;
				GCC_WARN_ABOUT_RETURN_TYPE = YES_ERROR;
				GCC_WARN_UNDECLARED_SELECTOR = YES;
				GCC_WARN_UNINITIALIZED_AUTOS = YES_AGGRESSIVE;
				GCC_WARN_UNUSED_FUNCTION = YES;
				GCC_WARN_UNUSED_VARIABLE = YES;
				IPHONEOS_DEPLOYMENT_TARGET = 16.4;
				MTL_ENABLE_DEBUG_INFO = INCLUDE_SOURCE;
				MTL_FAST_MATH = YES;
				ONLY_ACTIVE_ARCH = YES;
				SDKROOT = iphoneos;
				SWIFT_ACTIVE_COMPILATION_CONDITIONS = DEBUG;
				SWIFT_OPTIMIZATION_LEVEL = "-Onone";
			};
			name = Debug;
		};
		8497AC3B2A527AFD005491C5 /* Release */ = {
			isa = XCBuildConfiguration;
			buildSettings = {
				ALWAYS_SEARCH_USER_PATHS = NO;
				CLANG_ANALYZER_NONNULL = YES;
				CLANG_ANALYZER_NUMBER_OBJECT_CONVERSION = YES_AGGRESSIVE;
				CLANG_CXX_LANGUAGE_STANDARD = "gnu++20";
				CLANG_ENABLE_MODULES = YES;
				CLANG_ENABLE_OBJC_ARC = YES;
				CLANG_ENABLE_OBJC_WEAK = YES;
				CLANG_WARN_BLOCK_CAPTURE_AUTORELEASING = YES;
				CLANG_WARN_BOOL_CONVERSION = YES;
				CLANG_WARN_COMMA = YES;
				CLANG_WARN_CONSTANT_CONVERSION = YES;
				CLANG_WARN_DEPRECATED_OBJC_IMPLEMENTATIONS = YES;
				CLANG_WARN_DIRECT_OBJC_ISA_USAGE = YES_ERROR;
				CLANG_WARN_DOCUMENTATION_COMMENTS = YES;
				CLANG_WARN_EMPTY_BODY = YES;
				CLANG_WARN_ENUM_CONVERSION = YES;
				CLANG_WARN_INFINITE_RECURSION = YES;
				CLANG_WARN_INT_CONVERSION = YES;
				CLANG_WARN_NON_LITERAL_NULL_CONVERSION = YES;
				CLANG_WARN_OBJC_IMPLICIT_RETAIN_SELF = YES;
				CLANG_WARN_OBJC_LITERAL_CONVERSION = YES;
				CLANG_WARN_OBJC_ROOT_CLASS = YES_ERROR;
				CLANG_WARN_QUOTED_INCLUDE_IN_FRAMEWORK_HEADER = YES;
				CLANG_WARN_RANGE_LOOP_ANALYSIS = YES;
				CLANG_WARN_STRICT_PROTOTYPES = YES;
				CLANG_WARN_SUSPICIOUS_MOVE = YES;
				CLANG_WARN_UNGUARDED_AVAILABILITY = YES_AGGRESSIVE;
				CLANG_WARN_UNREACHABLE_CODE = YES;
				CLANG_WARN__DUPLICATE_METHOD_MATCH = YES;
				COPY_PHASE_STRIP = NO;
				DEBUG_INFORMATION_FORMAT = "dwarf-with-dsym";
				ENABLE_NS_ASSERTIONS = NO;
				ENABLE_STRICT_OBJC_MSGSEND = YES;
				GCC_C_LANGUAGE_STANDARD = gnu11;
				GCC_NO_COMMON_BLOCKS = YES;
				GCC_WARN_64_TO_32_BIT_CONVERSION = YES;
				GCC_WARN_ABOUT_RETURN_TYPE = YES_ERROR;
				GCC_WARN_UNDECLARED_SELECTOR = YES;
				GCC_WARN_UNINITIALIZED_AUTOS = YES_AGGRESSIVE;
				GCC_WARN_UNUSED_FUNCTION = YES;
				GCC_WARN_UNUSED_VARIABLE = YES;
				IPHONEOS_DEPLOYMENT_TARGET = 16.4;
				MTL_ENABLE_DEBUG_INFO = NO;
				MTL_FAST_MATH = YES;
				SDKROOT = iphoneos;
				SWIFT_COMPILATION_MODE = wholemodule;
				SWIFT_OPTIMIZATION_LEVEL = "-O";
				VALIDATE_PRODUCT = YES;
			};
			name = Release;
		};
		8497AC3D2A527AFD005491C5 /* Debug */ = {
			isa = XCBuildConfiguration;
			buildSettings = {
				ASSETCATALOG_COMPILER_APPICON_NAME = AppIcon;
				ASSETCATALOG_COMPILER_GLOBAL_ACCENT_COLOR_NAME = AccentColor;
				CODE_SIGN_STYLE = Automatic;
				CURRENT_PROJECT_VERSION = 1;
				DEVELOPMENT_ASSET_PATHS = "\"HSV Wheel Color Picker/Preview Content\"";
				DEVELOPMENT_TEAM = RZ945Q3GMB;
				ENABLE_PREVIEWS = YES;
				GENERATE_INFOPLIST_FILE = YES;
				INFOPLIST_KEY_UIApplicationSceneManifest_Generation = YES;
				INFOPLIST_KEY_UIApplicationSupportsIndirectInputEvents = YES;
				INFOPLIST_KEY_UILaunchScreen_Generation = YES;
				INFOPLIST_KEY_UISupportedInterfaceOrientations_iPad = "UIInterfaceOrientationPortrait UIInterfaceOrientationPortraitUpsideDown UIInterfaceOrientationLandscapeLeft UIInterfaceOrientationLandscapeRight";
				INFOPLIST_KEY_UISupportedInterfaceOrientations_iPhone = "UIInterfaceOrientationPortrait UIInterfaceOrientationLandscapeLeft UIInterfaceOrientationLandscapeRight";
				LD_RUNPATH_SEARCH_PATHS = (
					"$(inherited)",
					"@executable_path/Frameworks",
				);
				MARKETING_VERSION = 1.0;
				PRODUCT_BUNDLE_IDENTIFIER = "com.example.HSV-Wheel-Color-Picker";
				PRODUCT_NAME = "$(TARGET_NAME)";
				SWIFT_EMIT_LOC_STRINGS = YES;
				SWIFT_VERSION = 5.0;
				TARGETED_DEVICE_FAMILY = "1,2";
			};
			name = Debug;
		};
		8497AC3E2A527AFD005491C5 /* Release */ = {
			isa = XCBuildConfiguration;
			buildSettings = {
				ASSETCATALOG_COMPILER_APPICON_NAME = AppIcon;
				ASSETCATALOG_COMPILER_GLOBAL_ACCENT_COLOR_NAME = AccentColor;
				CODE_SIGN_STYLE = Automatic;
				CURRENT_PROJECT_VERSION = 1;
				DEVELOPMENT_ASSET_PATHS = "\"HSV Wheel Color Picker/Preview Content\"";
				DEVELOPMENT_TEAM = RZ945Q3GMB;
				ENABLE_PREVIEWS = YES;
				GENERATE_INFOPLIST_FILE = YES;
				INFOPLIST_KEY_UIApplicationSceneManifest_Generation = YES;
				INFOPLIST_KEY_UIApplicationSupportsIndirectInputEvents = YES;
				INFOPLIST_KEY_UILaunchScreen_Generation = YES;
				INFOPLIST_KEY_UISupportedInterfaceOrientations_iPad = "UIInterfaceOrientationPortrait UIInterfaceOrientationPortraitUpsideDown UIInterfaceOrientationLandscapeLeft UIInterfaceOrientationLandscapeRight";
				INFOPLIST_KEY_UISupportedInterfaceOrientations_iPhone = "UIInterfaceOrientationPortrait UIInterfaceOrientationLandscapeLeft UIInterfaceOrientationLandscapeRight";
				LD_RUNPATH_SEARCH_PATHS = (
					"$(inherited)",
					"@executable_path/Frameworks",
				);
				MARKETING_VERSION = 1.0;
				PRODUCT_BUNDLE_IDENTIFIER = "com.example.HSV-Wheel-Color-Picker";
				PRODUCT_NAME = "$(TARGET_NAME)";
				SWIFT_EMIT_LOC_STRINGS = YES;
				SWIFT_VERSION = 5.0;
				TARGETED_DEVICE_FAMILY = "1,2";
			};
			name = Release;
		};
/* End XCBuildConfiguration section */

/* Begin XCConfigurationList section */
		8497AC292A527AFB005491C5 /* Build configuration list for PBXProject "HSV Wheel Color Picker" */ = {
			isa = XCConfigurationList;
			buildConfigurations = (
				8497AC3A2A527AFD005491C5 /* Debug */,
				8497AC3B2A527AFD005491C5 /* Release */,
			);
			defaultConfigurationIsVisible = 0;
			defaultConfigurationName = Release;
		};
		8497AC3C2A527AFD005491C5 /* Build configuration list for PBXNativeTarget "HSV Wheel Color Picker" */ = {
			isa = XCConfigurationList;
			buildConfigurations = (
				8497AC3D2A527AFD005491C5 /* Debug */,
				8497AC3E2A527AFD005491C5 /* Release */,
			);
			defaultConfigurationIsVisible = 0;
			defaultConfigurationName = Release;
		};
/* End XCConfigurationList section */
	};
	rootObject = 8497AC262A527AFB005491C5 /* Project object */;
}
